
Microsoft Visual Studio Solution File, Format Version 12.00
# Visual Studio Version 16
VisualStudioVersion = 16.0.30621.155
MinimumVisualStudioVersion = 10.0.40219.1
Project("{FAE04EC0-301F-11D3-BF4B-00C04F79EFBC}") = "Projekt1", "Projekt1\Projekt1.csproj", "{982351E9-503E-46A1-9EF7-68E3CE764CE6}"
EndProject
Global
	GlobalSection(SolutionConfigurationPlatforms) = preSolution
		Debug|Any CPU = Debug|Any CPU
		Release|Any CPU = Release|Any CPU
	EndGlobalSection
	GlobalSection(ProjectConfigurationPlatforms) = postSolution
		{982351E9-503E-46A1-9EF7-68E3CE764CE6}.Debug|Any CPU.ActiveCfg = Debug|Any CPU
		{982351E9-503E-46A1-9EF7-68E3CE764CE6}.Debug|Any CPU.Build.0 = Debug|Any CPU
		{982351E9-503E-46A1-9EF7-68E3CE764CE6}.Release|Any CPU.ActiveCfg = Release|Any CPU
		{982351E9-503E-46A1-9EF7-68E3CE764CE6}.Release|Any CPU.Build.0 = Release|Any CPU
	EndGlobalSection
	GlobalSection(SolutionProperties) = preSolution
		HideSolutionNode = FALSE
	EndGlobalSection
	GlobalSection(ExtensibilityGlobals) = postSolution
		SolutionGuid = {695EC3BD-0141-4292-B233-629F8304A767}
	EndGlobalSection
EndGlobal
